
Microsoft Visual Studio Solution File, Format Version 12.00
# Visual Studio Version 16
VisualStudioVersion = 16.0.34601.136
MinimumVisualStudioVersion = 10.0.40219.1
Project("{FAE04EC0-301F-11D3-BF4B-00C04F79EFBC}") = "HAChess_BetterAtChess", "HAChess_BetterAtChess\HAChess_BetterAtChess.csproj", "{3FCB4BA5-EEA1-48C6-82C0-856A8FBE057B}"
EndProject
Project("{54435603-DBB4-11D2-8724-00A0C9A8B90C}") = "Install", "Install\Install.vdproj", "{A70A1A84-E690-43B5-AB43-138BE529D176}"
EndProject
Global
	GlobalSection(SolutionConfigurationPlatforms) = preSolution
		Debug|Any CPU = Debug|Any CPU
		Release|Any CPU = Release|Any CPU
	EndGlobalSection
	GlobalSection(ProjectConfigurationPlatforms) = postSolution
		{3FCB4BA5-EEA1-48C6-82C0-856A8FBE057B}.Debug|Any CPU.ActiveCfg = Debug|Any CPU
		{3FCB4BA5-EEA1-48C6-82C0-856A8FBE057B}.Debug|Any CPU.Build.0 = Debug|Any CPU
		{3FCB4BA5-EEA1-48C6-82C0-856A8FBE057B}.Release|Any CPU.ActiveCfg = Release|Any CPU
		{3FCB4BA5-EEA1-48C6-82C0-856A8FBE057B}.Release|Any CPU.Build.0 = Release|Any CPU
		{A70A1A84-E690-43B5-AB43-138BE529D176}.Debug|Any CPU.ActiveCfg = Debug
		{A70A1A84-E690-43B5-AB43-138BE529D176}.Release|Any CPU.ActiveCfg = Release
	EndGlobalSection
	GlobalSection(SolutionProperties) = preSolution
		HideSolutionNode = FALSE
	EndGlobalSection
	GlobalSection(ExtensibilityGlobals) = postSolution
		SolutionGuid = {63B3EC1B-1A8A-4078-9157-BD5BFF87FA16}
	EndGlobalSection
EndGlobal
